
Microsoft Visual Studio Solution File, Format Version 12.00
# Visual Studio Version 17
VisualStudioVersion = 17.9.34701.34
MinimumVisualStudioVersion = 10.0.40219.1
Project("{FAE04EC0-301F-11D3-BF4B-00C04F79EFBC}") = "nunonogueir444WASM", "nunonogueir444WASM.csproj", "{AD623161-30E5-4DC4-A01F-9B5235ED0FF2}"
EndProject
Global
	GlobalSection(SolutionConfigurationPlatforms) = preSolution
		Debug|Any CPU = Debug|Any CPU
		Release|Any CPU = Release|Any CPU
	EndGlobalSection
	GlobalSection(ProjectConfigurationPlatforms) = postSolution
		{AD623161-30E5-4DC4-A01F-9B5235ED0FF2}.Debug|Any CPU.ActiveCfg = Debug|Any CPU
		{AD623161-30E5-4DC4-A01F-9B5235ED0FF2}.Debug|Any CPU.Build.0 = Debug|Any CPU
		{AD623161-30E5-4DC4-A01F-9B5235ED0FF2}.Release|Any CPU.ActiveCfg = Release|Any CPU
		{AD623161-30E5-4DC4-A01F-9B5235ED0FF2}.Release|Any CPU.Build.0 = Release|Any CPU
	EndGlobalSection
	GlobalSection(SolutionProperties) = preSolution
		HideSolutionNode = FALSE
	EndGlobalSection
	GlobalSection(ExtensibilityGlobals) = postSolution
		SolutionGuid = {23308E1B-FBF6-4598-8E02-98A8BB622409}
	EndGlobalSection
EndGlobal
